// !$*UTF8*$!
{
	archiveVersion = 1;
	classes = {
	};
	objectVersion = 48;
	objects = {

/* Begin PBXBuildFile section */
		A118B52420243F9700B25D2F /* AppDelegate.swift in Sources */ = {isa = PBXBuildFile; fileRef = A118B52320243F9700B25D2F /* AppDelegate.swift */; };
		A118B52620243F9700B25D2F /* ViewController.swift in Sources */ = {isa = PBXBuildFile; fileRef = A118B52520243F9700B25D2F /* ViewController.swift */; };
		A118B52920243F9700B25D2F /* Main.storyboard in Resources */ = {isa = PBXBuildFile; fileRef = A118B52720243F9700B25D2F /* Main.storyboard */; };
		A118B52B20243F9700B25D2F /* Assets.xcassets in Resources */ = {isa = PBXBuildFile; fileRef = A118B52A20243F9700B25D2F /* Assets.xcassets */; };
		A118B52E20243F9700B25D2F /* LaunchScreen.storyboard in Resources */ = {isa = PBXBuildFile; fileRef = A118B52C20243F9700B25D2F /* LaunchScreen.storyboard */; };
		A118B53920243F9700B25D2F /* LotteryTests.swift in Sources */ = {isa = PBXBuildFile; fileRef = A118B53820243F9700B25D2F /* LotteryTests.swift */; };
		A118B54420243F9700B25D2F /* LotteryUITests.swift in Sources */ = {isa = PBXBuildFile; fileRef = A118B54320243F9700B25D2F /* LotteryUITests.swift */; };
		A118B5532024480000B25D2F /* SigninController.swift in Sources */ = {isa = PBXBuildFile; fileRef = A118B5522024480000B25D2F /* SigninController.swift */; };
		A118B5572024487C00B25D2F /* SignupController.swift in Sources */ = {isa = PBXBuildFile; fileRef = A118B5562024487C00B25D2F /* SignupController.swift */; };
/* End PBXBuildFile section */

/* Begin PBXContainerItemProxy section */
		A118B53520243F9700B25D2F /* PBXContainerItemProxy */ = {
			isa = PBXContainerItemProxy;
			containerPortal = A118B51820243F9700B25D2F /* Project object */;
			proxyType = 1;
			remoteGlobalIDString = A118B51F20243F9700B25D2F;
			remoteInfo = Lottery;
		};
		A118B54020243F9700B25D2F /* PBXContainerItemProxy */ = {
			isa = PBXContainerItemProxy;
			containerPortal = A118B51820243F9700B25D2F /* Project object */;
			proxyType = 1;
			remoteGlobalIDString = A118B51F20243F9700B25D2F;
			remoteInfo = Lottery;
		};
/* End PBXContainerItemProxy section */

/* Begin PBXFileReference section */
		A118B52020243F9700B25D2F /* Lottery.app */ = {isa = PBXFileReference; explicitFileType = wrapper.application; includeInIndex = 0; path = Lottery.app; sourceTree = BUILT_PRODUCTS_DIR; };
		A118B52320243F9700B25D2F /* AppDelegate.swift */ = {isa = PBXFileReference; lastKnownFileType = sourcecode.swift; path = AppDelegate.swift; sourceTree = "<group>"; };
		A118B52520243F9700B25D2F /* ViewController.swift */ = {isa = PBXFileReference; lastKnownFileType = sourcecode.swift; path = ViewController.swift; sourceTree = "<group>"; };
		A118B52820243F9700B25D2F /* Base */ = {isa = PBXFileReference; lastKnownFileType = file.storyboard; name = Base; path = Base.lproj/Main.storyboard; sourceTree = "<group>"; };
		A118B52A20243F9700B25D2F /* Assets.xcassets */ = {isa = PBXFileReference; lastKnownFileType = folder.assetcatalog; path = Assets.xcassets; sourceTree = "<group>"; };
		A118B52D20243F9700B25D2F /* Base */ = {isa = PBXFileReference; lastKnownFileType = file.storyboard; name = Base; path = Base.lproj/LaunchScreen.storyboard; sourceTree = "<group>"; };
		A118B52F20243F9700B25D2F /* Info.plist */ = {isa = PBXFileReference; lastKnownFileType = text.plist.xml; path = Info.plist; sourceTree = "<group>"; };
		A118B53420243F9700B25D2F /* LotteryTests.xctest */ = {isa = PBXFileReference; explicitFileType = wrapper.cfbundle; includeInIndex = 0; path = LotteryTests.xctest; sourceTree = BUILT_PRODUCTS_DIR; };
		A118B53820243F9700B25D2F /* LotteryTests.swift */ = {isa = PBXFileReference; lastKnownFileType = sourcecode.swift; path = LotteryTests.swift; sourceTree = "<group>"; };
		A118B53A20243F9700B25D2F /* Info.plist */ = {isa = PBXFileReference; lastKnownFileType = text.plist.xml; path = Info.plist; sourceTree = "<group>"; };
		A118B53F20243F9700B25D2F /* LotteryUITests.xctest */ = {isa = PBXFileReference; explicitFileType = wrapper.cfbundle; includeInIndex = 0; path = LotteryUITests.xctest; sourceTree = BUILT_PRODUCTS_DIR; };
		A118B54320243F9700B25D2F /* LotteryUITests.swift */ = {isa = PBXFileReference; lastKnownFileType = sourcecode.swift; path = LotteryUITests.swift; sourceTree = "<group>"; };
		A118B54520243F9700B25D2F /* Info.plist */ = {isa = PBXFileReference; lastKnownFileType = text.plist.xml; path = Info.plist; sourceTree = "<group>"; };
		A118B5522024480000B25D2F /* SigninController.swift */ = {isa = PBXFileReference; lastKnownFileType = sourcecode.swift; path = SigninController.swift; sourceTree = "<group>"; };
		A118B5562024487C00B25D2F /* SignupController.swift */ = {isa = PBXFileReference; lastKnownFileType = sourcecode.swift; path = SignupController.swift; sourceTree = "<group>"; };
/* End PBXFileReference section */

/* Begin PBXFrameworksBuildPhase section */
		A118B51D20243F9700B25D2F /* Frameworks */ = {
			isa = PBXFrameworksBuildPhase;
			buildActionMask = 2147483647;
			files = (
			);
			runOnlyForDeploymentPostprocessing = 0;
		};
		A118B53120243F9700B25D2F /* Frameworks */ = {
			isa = PBXFrameworksBuildPhase;
			buildActionMask = 2147483647;
			files = (
			);
			runOnlyForDeploymentPostprocessing = 0;
		};
		A118B53C20243F9700B25D2F /* Frameworks */ = {
			isa = PBXFrameworksBuildPhase;
			buildActionMask = 2147483647;
			files = (
			);
			runOnlyForDeploymentPostprocessing = 0;
		};
/* End PBXFrameworksBuildPhase section */

/* Begin PBXGroup section */
		A118B51720243F9700B25D2F = {
			isa = PBXGroup;
			children = (
				A118B52220243F9700B25D2F /* Lottery */,
				A118B53720243F9700B25D2F /* LotteryTests */,
				A118B54220243F9700B25D2F /* LotteryUITests */,
				A118B52120243F9700B25D2F /* Products */,
			);
			sourceTree = "<group>";
		};
		A118B52120243F9700B25D2F /* Products */ = {
			isa = PBXGroup;
			children = (
				A118B52020243F9700B25D2F /* Lottery.app */,
				A118B53420243F9700B25D2F /* LotteryTests.xctest */,
				A118B53F20243F9700B25D2F /* LotteryUITests.xctest */,
			);
			name = Products;
			sourceTree = "<group>";
		};
		A118B52220243F9700B25D2F /* Lottery */ = {
			isa = PBXGroup;
			children = (
				A118B5552024484300B25D2F /* SignupController */,
				A118B551202447D500B25D2F /* LoginController */,
				A118B52320243F9700B25D2F /* AppDelegate.swift */,
				A118B52520243F9700B25D2F /* ViewController.swift */,
				A118B52720243F9700B25D2F /* Main.storyboard */,
				A118B52A20243F9700B25D2F /* Assets.xcassets */,
				A118B52C20243F9700B25D2F /* LaunchScreen.storyboard */,
				A118B52F20243F9700B25D2F /* Info.plist */,
			);
			path = Lottery;
			sourceTree = "<group>";
		};
		A118B53720243F9700B25D2F /* LotteryTests */ = {
			isa = PBXGroup;
			children = (
				A118B53820243F9700B25D2F /* LotteryTests.swift */,
				A118B53A20243F9700B25D2F /* Info.plist */,
			);
			path = LotteryTests;
			sourceTree = "<group>";
		};
		A118B54220243F9700B25D2F /* LotteryUITests */ = {
			isa = PBXGroup;
			children = (
				A118B54320243F9700B25D2F /* LotteryUITests.swift */,
				A118B54520243F9700B25D2F /* Info.plist */,
			);
			path = LotteryUITests;
			sourceTree = "<group>";
		};
		A118B551202447D500B25D2F /* LoginController */ = {
			isa = PBXGroup;
			children = (
				A118B5522024480000B25D2F /* SigninController.swift */,
			);
			path = LoginController;
			sourceTree = "<group>";
		};
		A118B5552024484300B25D2F /* SignupController */ = {
			isa = PBXGroup;
			children = (
				A118B5562024487C00B25D2F /* SignupController.swift */,
			);
			path = SignupController;
			sourceTree = "<group>";
		};
/* End PBXGroup section */

/* Begin PBXNativeTarget section */
		A118B51F20243F9700B25D2F /* Lottery */ = {
			isa = PBXNativeTarget;
			buildConfigurationList = A118B54820243F9700B25D2F /* Build configuration list for PBXNativeTarget "Lottery" */;
			buildPhases = (
				A118B51C20243F9700B25D2F /* Sources */,
				A118B51D20243F9700B25D2F /* Frameworks */,
				A118B51E20243F9700B25D2F /* Resources */,
			);
			buildRules = (
			);
			dependencies = (
			);
			name = Lottery;
			productName = Lottery;
			productReference = A118B52020243F9700B25D2F /* Lottery.app */;
			productType = "com.apple.product-type.application";
		};
		A118B53320243F9700B25D2F /* LotteryTests */ = {
			isa = PBXNativeTarget;
			buildConfigurationList = A118B54B20243F9700B25D2F /* Build configuration list for PBXNativeTarget "LotteryTests" */;
			buildPhases = (
				A118B53020243F9700B25D2F /* Sources */,
				A118B53120243F9700B25D2F /* Frameworks */,
				A118B53220243F9700B25D2F /* Resources */,
			);
			buildRules = (
			);
			dependencies = (
				A118B53620243F9700B25D2F /* PBXTargetDependency */,
			);
			name = LotteryTests;
			productName = LotteryTests;
			productReference = A118B53420243F9700B25D2F /* LotteryTests.xctest */;
			productType = "com.apple.product-type.bundle.unit-test";
		};
		A118B53E20243F9700B25D2F /* LotteryUITests */ = {
			isa = PBXNativeTarget;
			buildConfigurationList = A118B54E20243F9700B25D2F /* Build configuration list for PBXNativeTarget "LotteryUITests" */;
			buildPhases = (
				A118B53B20243F9700B25D2F /* Sources */,
				A118B53C20243F9700B25D2F /* Frameworks */,
				A118B53D20243F9700B25D2F /* Resources */,
			);
			buildRules = (
			);
			dependencies = (
				A118B54120243F9700B25D2F /* PBXTargetDependency */,
			);
			name = LotteryUITests;
			productName = LotteryUITests;
			productReference = A118B53F20243F9700B25D2F /* LotteryUITests.xctest */;
			productType = "com.apple.product-type.bundle.ui-testing";
		};
/* End PBXNativeTarget section */

/* Begin PBXProject section */
		A118B51820243F9700B25D2F /* Project object */ = {
			isa = PBXProject;
			attributes = {
				LastSwiftUpdateCheck = 0920;
				LastUpgradeCheck = 0920;
				ORGANIZATIONNAME = iMark;
				TargetAttributes = {
					A118B51F20243F9700B25D2F = {
						CreatedOnToolsVersion = 9.2;
						ProvisioningStyle = Automatic;
					};
					A118B53320243F9700B25D2F = {
						CreatedOnToolsVersion = 9.2;
						ProvisioningStyle = Automatic;
						TestTargetID = A118B51F20243F9700B25D2F;
					};
					A118B53E20243F9700B25D2F = {
						CreatedOnToolsVersion = 9.2;
						ProvisioningStyle = Automatic;
						TestTargetID = A118B51F20243F9700B25D2F;
					};
				};
			};
			buildConfigurationList = A118B51B20243F9700B25D2F /* Build configuration list for PBXProject "Lottery" */;
			compatibilityVersion = "Xcode 8.0";
			developmentRegion = en;
			hasScannedForEncodings = 0;
			knownRegions = (
				en,
				Base,
			);
			mainGroup = A118B51720243F9700B25D2F;
			productRefGroup = A118B52120243F9700B25D2F /* Products */;
			projectDirPath = "";
			projectRoot = "";
			targets = (
				A118B51F20243F9700B25D2F /* Lottery */,
				A118B53320243F9700B25D2F /* LotteryTests */,
				A118B53E20243F9700B25D2F /* LotteryUITests */,
			);
		};
/* End PBXProject section */

/* Begin PBXResourcesBuildPhase section */
		A118B51E20243F9700B25D2F /* Resources */ = {
			isa = PBXResourcesBuildPhase;
			buildActionMask = 2147483647;
			files = (
				A118B52E20243F9700B25D2F /* LaunchScreen.storyboard in Resources */,
				A118B52B20243F9700B25D2F /* Assets.xcassets in Resources */,
				A118B52920243F9700B25D2F /* Main.storyboard in Resources */,
			);
			runOnlyForDeploymentPostprocessing = 0;
		};
		A118B53220243F9700B25D2F /* Resources */ = {
			isa = PBXResourcesBuildPhase;
			buildActionMask = 2147483647;
			files = (
			);
			runOnlyForDeploymentPostprocessing = 0;
		};
		A118B53D20243F9700B25D2F /* Resources */ = {
			isa = PBXResourcesBuildPhase;
			buildActionMask = 2147483647;
			files = (
			);
			runOnlyForDeploymentPostprocessing = 0;
		};
/* End PBXResourcesBuildPhase section */

/* Begin PBXSourcesBuildPhase section */
		A118B51C20243F9700B25D2F /* Sources */ = {
			isa = PBXSourcesBuildPhase;
			buildActionMask = 2147483647;
			files = (
				A118B52620243F9700B25D2F /* ViewController.swift in Sources */,
				A118B5532024480000B25D2F /* SigninController.swift in Sources */,
				A118B52420243F9700B25D2F /* AppDelegate.swift in Sources */,
				A118B5572024487C00B25D2F /* SignupController.swift in Sources */,
			);
			runOnlyForDeploymentPostprocessing = 0;
		};
		A118B53020243F9700B25D2F /* Sources */ = {
			isa = PBXSourcesBuildPhase;
			buildActionMask = 2147483647;
			files = (
				A118B53920243F9700B25D2F /* LotteryTests.swift in Sources */,
			);
			runOnlyForDeploymentPostprocessing = 0;
		};
		A118B53B20243F9700B25D2F /* Sources */ = {
			isa = PBXSourcesBuildPhase;
			buildActionMask = 2147483647;
			files = (
				A118B54420243F9700B25D2F /* LotteryUITests.swift in Sources */,
			);
			runOnlyForDeploymentPostprocessing = 0;
		};
/* End PBXSourcesBuildPhase section */

/* Begin PBXTargetDependency section */
		A118B53620243F9700B25D2F /* PBXTargetDependency */ = {
			isa = PBXTargetDependency;
			target = A118B51F20243F9700B25D2F /* Lottery */;
			targetProxy = A118B53520243F9700B25D2F /* PBXContainerItemProxy */;
		};
		A118B54120243F9700B25D2F /* PBXTargetDependency */ = {
			isa = PBXTargetDependency;
			target = A118B51F20243F9700B25D2F /* Lottery */;
			targetProxy = A118B54020243F9700B25D2F /* PBXContainerItemProxy */;
		};
/* End PBXTargetDependency section */

/* Begin PBXVariantGroup section */
		A118B52720243F9700B25D2F /* Main.storyboard */ = {
			isa = PBXVariantGroup;
			children = (
				A118B52820243F9700B25D2F /* Base */,
			);
			name = Main.storyboard;
			sourceTree = "<group>";
		};
		A118B52C20243F9700B25D2F /* LaunchScreen.storyboard */ = {
			isa = PBXVariantGroup;
			children = (
				A118B52D20243F9700B25D2F /* Base */,
			);
			name = LaunchScreen.storyboard;
			sourceTree = "<group>";
		};
/* End PBXVariantGroup section */

/* Begin XCBuildConfiguration section */
		A118B54620243F9700B25D2F /* Debug */ = {
			isa = XCBuildConfiguration;
			buildSettings = {
				ALWAYS_SEARCH_USER_PATHS = NO;
				CLANG_ANALYZER_NONNULL = YES;
				CLANG_ANALYZER_NUMBER_OBJECT_CONVERSION = YES_AGGRESSIVE;
				CLANG_CXX_LANGUAGE_STANDARD = "gnu++14";
				CLANG_CXX_LIBRARY = "libc++";
				CLANG_ENABLE_MODULES = YES;
				CLANG_ENABLE_OBJC_ARC = YES;
				CLANG_WARN_BLOCK_CAPTURE_AUTORELEASING = YES;
				CLANG_WARN_BOOL_CONVERSION = YES;
				CLANG_WARN_COMMA = YES;
				CLANG_WARN_CONSTANT_CONVERSION = YES;
				CLANG_WARN_DIRECT_OBJC_ISA_USAGE = YES_ERROR;
				CLANG_WARN_DOCUMENTATION_COMMENTS = YES;
				CLANG_WARN_EMPTY_BODY = YES;
				CLANG_WARN_ENUM_CONVERSION = YES;
				CLANG_WARN_INFINITE_RECURSION = YES;
				CLANG_WARN_INT_CONVERSION = YES;
				CLANG_WARN_NON_LITERAL_NULL_CONVERSION = YES;
				CLANG_WARN_OBJC_LITERAL_CONVERSION = YES;
				CLANG_WARN_OBJC_ROOT_CLASS = YES_ERROR;
				CLANG_WARN_RANGE_LOOP_ANALYSIS = YES;
				CLANG_WARN_STRICT_PROTOTYPES = YES;
				CLANG_WARN_SUSPICIOUS_MOVE = YES;
				CLANG_WARN_UNGUARDED_AVAILABILITY = YES_AGGRESSIVE;
				CLANG_WARN_UNREACHABLE_CODE = YES;
				CLANG_WARN__DUPLICATE_METHOD_MATCH = YES;
				CODE_SIGN_IDENTITY = "iPhone Developer";
				COPY_PHASE_STRIP = NO;
				DEBUG_INFORMATION_FORMAT = dwarf;
				ENABLE_STRICT_OBJC_MSGSEND = YES;
				ENABLE_TESTABILITY = YES;
				GCC_C_LANGUAGE_STANDARD = gnu11;
				GCC_DYNAMIC_NO_PIC = NO;
				GCC_NO_COMMON_BLOCKS = YES;
				GCC_OPTIMIZATION_LEVEL = 0;
				GCC_PREPROCESSOR_DEFINITIONS = (
					"DEBUG=1",
					"$(inherited)",
				);
				GCC_WARN_64_TO_32_BIT_CONVERSION = YES;
				GCC_WARN_ABOUT_RETURN_TYPE = YES_ERROR;
				GCC_WARN_UNDECLARED_SELECTOR = YES;
				GCC_WARN_UNINITIALIZED_AUTOS = YES_AGGRESSIVE;
				GCC_WARN_UNUSED_FUNCTION = YES;
				GCC_WARN_UNUSED_VARIABLE = YES;
				IPHONEOS_DEPLOYMENT_TARGET = 11.2;
				MTL_ENABLE_DEBUG_INFO = YES;
				ONLY_ACTIVE_ARCH = YES;
				SDKROOT = iphoneos;
				SWIFT_ACTIVE_COMPILATION_CONDITIONS = DEBUG;
				SWIFT_OPTIMIZATION_LEVEL = "-Onone";
			};
			name = Debug;
		};
		A118B54720243F9700B25D2F /* Release */ = {
			isa = XCBuildConfiguration;
			buildSettings = {
				ALWAYS_SEARCH_USER_PATHS = NO;
				CLANG_ANALYZER_NONNULL = YES;
				CLANG_ANALYZER_NUMBER_OBJECT_CONVERSION = YES_AGGRESSIVE;
				CLANG_CXX_LANGUAGE_STANDARD = "gnu++14";
				CLANG_CXX_LIBRARY = "libc++";
				CLANG_ENABLE_MODULES = YES;
				CLANG_ENABLE_OBJC_ARC = YES;
				CLANG_WARN_BLOCK_CAPTURE_AUTORELEASING = YES;
				CLANG_WARN_BOOL_CONVERSION = YES;
				CLANG_WARN_COMMA = YES;
				CLANG_WARN_CONSTANT_CONVERSION = YES;
				CLANG_WARN_DIRECT_OBJC_ISA_USAGE = YES_ERROR;
				CLANG_WARN_DOCUMENTATION_COMMENTS = YES;
				CLANG_WARN_EMPTY_BODY = YES;
				CLANG_WARN_ENUM_CONVERSION = YES;
				CLANG_WARN_INFINITE_RECURSION = YES;
				CLANG_WARN_INT_CONVERSION = YES;
				CLANG_WARN_NON_LITERAL_NULL_CONVERSION = YES;
				CLANG_WARN_OBJC_LITERAL_CONVERSION = YES;
				CLANG_WARN_OBJC_ROOT_CLASS = YES_ERROR;
				CLANG_WARN_RANGE_LOOP_ANALYSIS = YES;
				CLANG_WARN_STRICT_PROTOTYPES = YES;
				CLANG_WARN_SUSPICIOUS_MOVE = YES;
				CLANG_WARN_UNGUARDED_AVAILABILITY = YES_AGGRESSIVE;
				CLANG_WARN_UNREACHABLE_CODE = YES;
				CLANG_WARN__DUPLICATE_METHOD_MATCH = YES;
				CODE_SIGN_IDENTITY = "iPhone Developer";
				COPY_PHASE_STRIP = NO;
				DEBUG_INFORMATION_FORMAT = "dwarf-with-dsym";
				ENABLE_NS_ASSERTIONS = NO;
				ENABLE_STRICT_OBJC_MSGSEND = YES;
				GCC_C_LANGUAGE_STANDARD = gnu11;
				GCC_NO_COMMON_BLOCKS = YES;
				GCC_WARN_64_TO_32_BIT_CONVERSION = YES;
				GCC_WARN_ABOUT_RETURN_TYPE = YES_ERROR;
				GCC_WARN_UNDECLARED_SELECTOR = YES;
				GCC_WARN_UNINITIALIZED_AUTOS = YES_AGGRESSIVE;
				GCC_WARN_UNUSED_FUNCTION = YES;
				GCC_WARN_UNUSED_VARIABLE = YES;
				IPHONEOS_DEPLOYMENT_TARGET = 11.2;
				MTL_ENABLE_DEBUG_INFO = NO;
				SDKROOT = iphoneos;
				SWIFT_OPTIMIZATION_LEVEL = "-Owholemodule";
				VALIDATE_PRODUCT = YES;
			};
			name = Release;
		};
		A118B54920243F9700B25D2F /* Debug */ = {
			isa = XCBuildConfiguration;
			buildSettings = {
				ASSETCATALOG_COMPILER_APPICON_NAME = AppIcon;
				CODE_SIGN_STYLE = Automatic;
				INFOPLIST_FILE = Lottery/Info.plist;
				LD_RUNPATH_SEARCH_PATHS = "$(inherited) @executable_path/Frameworks";
				PRODUCT_BUNDLE_IDENTIFIER = iMark.Lottery;
				PRODUCT_NAME = "$(TARGET_NAME)";
				SWIFT_VERSION = 4.0;
				TARGETED_DEVICE_FAMILY = "1,2";
			};
			name = Debug;
		};
		A118B54A20243F9700B25D2F /* Release */ = {
			isa = XCBuildConfiguration;
			buildSettings = {
				ASSETCATALOG_COMPILER_APPICON_NAME = AppIcon;
				CODE_SIGN_STYLE = Automatic;
				INFOPLIST_FILE = Lottery/Info.plist;
				LD_RUNPATH_SEARCH_PATHS = "$(inherited) @executable_path/Frameworks";
				PRODUCT_BUNDLE_IDENTIFIER = iMark.Lottery;
				PRODUCT_NAME = "$(TARGET_NAME)";
				SWIFT_VERSION = 4.0;
				TARGETED_DEVICE_FAMILY = "1,2";
			};
			name = Release;
		};
		A118B54C20243F9700B25D2F /* Debug */ = {
			isa = XCBuildConfiguration;
			buildSettings = {
				ALWAYS_EMBED_SWIFT_STANDARD_LIBRARIES = YES;
				BUNDLE_LOADER = "$(TEST_HOST)";
				CODE_SIGN_STYLE = Automatic;
				INFOPLIST_FILE = LotteryTests/Info.plist;
				LD_RUNPATH_SEARCH_PATHS = "$(inherited) @executable_path/Frameworks @loader_path/Frameworks";
				PRODUCT_BUNDLE_IDENTIFIER = iMark.LotteryTests;
				PRODUCT_NAME = "$(TARGET_NAME)";
				SWIFT_VERSION = 4.0;
				TARGETED_DEVICE_FAMILY = "1,2";
				TEST_HOST = "$(BUILT_PRODUCTS_DIR)/Lottery.app/Lottery";
			};
			name = Debug;
		};
		A118B54D20243F9700B25D2F /* Release */ = {
			isa = XCBuildConfiguration;
			buildSettings = {
				ALWAYS_EMBED_SWIFT_STANDARD_LIBRARIES = YES;
				BUNDLE_LOADER = "$(TEST_HOST)";
				CODE_SIGN_STYLE = Automatic;
				INFOPLIST_FILE = LotteryTests/Info.plist;
				LD_RUNPATH_SEARCH_PATHS = "$(inherited) @executable_path/Frameworks @loader_path/Frameworks";
				PRODUCT_BUNDLE_IDENTIFIER = iMark.LotteryTests;
				PRODUCT_NAME = "$(TARGET_NAME)";
				SWIFT_VERSION = 4.0;
				TARGETED_DEVICE_FAMILY = "1,2";
				TEST_HOST = "$(BUILT_PRODUCTS_DIR)/Lottery.app/Lottery";
			};
			name = Release;
		};
		A118B54F20243F9700B25D2F /* Debug */ = {
			isa = XCBuildConfiguration;
			buildSettings = {
				ALWAYS_EMBED_SWIFT_STANDARD_LIBRARIES = YES;
				CODE_SIGN_STYLE = Automatic;
				INFOPLIST_FILE = LotteryUITests/Info.plist;
				LD_RUNPATH_SEARCH_PATHS = "$(inherited) @executable_path/Frameworks @loader_path/Frameworks";
				PRODUCT_BUNDLE_IDENTIFIER = iMark.LotteryUITests;
				PRODUCT_NAME = "$(TARGET_NAME)";
				SWIFT_VERSION = 4.0;
				TARGETED_DEVICE_FAMILY = "1,2";
				TEST_TARGET_NAME = Lottery;
			};
			name = Debug;
		};
		A118B55020243F9700B25D2F /* Release */ = {
			isa = XCBuildConfiguration;
			buildSettings = {
				ALWAYS_EMBED_SWIFT_STANDARD_LIBRARIES = YES;
				CODE_SIGN_STYLE = Automatic;
				INFOPLIST_FILE = LotteryUITests/Info.plist;
				LD_RUNPATH_SEARCH_PATHS = "$(inherited) @executable_path/Frameworks @loader_path/Frameworks";
				PRODUCT_BUNDLE_IDENTIFIER = iMark.LotteryUITests;
				PRODUCT_NAME = "$(TARGET_NAME)";
				SWIFT_VERSION = 4.0;
				TARGETED_DEVICE_FAMILY = "1,2";
				TEST_TARGET_NAME = Lottery;
			};
			name = Release;
		};
/* End XCBuildConfiguration section */

/* Begin XCConfigurationList section */
		A118B51B20243F9700B25D2F /* Build configuration list for PBXProject "Lottery" */ = {
			isa = XCConfigurationList;
			buildConfigurations = (
				A118B54620243F9700B25D2F /* Debug */,
				A118B54720243F9700B25D2F /* Release */,
			);
			defaultConfigurationIsVisible = 0;
			defaultConfigurationName = Release;
		};
		A118B54820243F9700B25D2F /* Build configuration list for PBXNativeTarget "Lottery" */ = {
			isa = XCConfigurationList;
			buildConfigurations = (
				A118B54920243F9700B25D2F /* Debug */,
				A118B54A20243F9700B25D2F /* Release */,
			);
			defaultConfigurationIsVisible = 0;
			defaultConfigurationName = Release;
		};
		A118B54B20243F9700B25D2F /* Build configuration list for PBXNativeTarget "LotteryTests" */ = {
			isa = XCConfigurationList;
			buildConfigurations = (
				A118B54C20243F9700B25D2F /* Debug */,
				A118B54D20243F9700B25D2F /* Release */,
			);
			defaultConfigurationIsVisible = 0;
			defaultConfigurationName = Release;
		};
		A118B54E20243F9700B25D2F /* Build configuration list for PBXNativeTarget "LotteryUITests" */ = {
			isa = XCConfigurationList;
			buildConfigurations = (
				A118B54F20243F9700B25D2F /* Debug */,
				A118B55020243F9700B25D2F /* Release */,
			);
			defaultConfigurationIsVisible = 0;
			defaultConfigurationName = Release;
		};
/* End XCConfigurationList section */
	};
	rootObject = A118B51820243F9700B25D2F /* Project object */;
}
